
Microsoft Visual Studio Solution File, Format Version 12.00
# Visual Studio 15
VisualStudioVersion = 15.0.28307.168
MinimumVisualStudioVersion = 10.0.40219.1
Project("{FAE04EC0-301F-11D3-BF4B-00C04F79EFBC}") = "Assignment_1", "Assignment_1\Assignment_1.csproj", "{46142ECA-A346-4DED-82A8-2F2246EC3138}"
EndProject
Global
	GlobalSection(SolutionConfigurationPlatforms) = preSolution
		Debug|Any CPU = Debug|Any CPU
		Release|Any CPU = Release|Any CPU
	EndGlobalSection
	GlobalSection(ProjectConfigurationPlatforms) = postSolution
		{46142ECA-A346-4DED-82A8-2F2246EC3138}.Debug|Any CPU.ActiveCfg = Debug|Any CPU
		{46142ECA-A346-4DED-82A8-2F2246EC3138}.Debug|Any CPU.Build.0 = Debug|Any CPU
		{46142ECA-A346-4DED-82A8-2F2246EC3138}.Release|Any CPU.ActiveCfg = Release|Any CPU
		{46142ECA-A346-4DED-82A8-2F2246EC3138}.Release|Any CPU.Build.0 = Release|Any CPU
	EndGlobalSection
	GlobalSection(SolutionProperties) = preSolution
		HideSolutionNode = FALSE
	EndGlobalSection
	GlobalSection(ExtensibilityGlobals) = postSolution
		SolutionGuid = {417D8D4B-7246-4FC4-B1AB-7A62DEF58BCE}
	EndGlobalSection
EndGlobal
